
Microsoft Visual Studio Solution File, Format Version 12.00
# Visual Studio Version 17
VisualStudioVersion = 17.14.36616.10
MinimumVisualStudioVersion = 10.0.40219.1
Project("{FAE04EC0-301F-11D3-BF4B-00C04F79EFBC}") = "SonarSweepPuzzle", "SonarSweepPuzzle\SonarSweepPuzzle.csproj", "{9D189E3D-419C-4E00-80A6-3107A306DAF7}"
EndProject
Project("{FAE04EC0-301F-11D3-BF4B-00C04F79EFBC}") = "SeaCucumber", "SeaCucumber\SeaCucumber.csproj", "{8D5A35A1-BA50-4A76-9EFD-B1E158A1CE2A}"
EndProject
Project("{2150E333-8FDC-42A3-9474-1A3956D46DE8}") = "src", "src", "{02EA681E-C7D8-13C7-8484-4AC65E1B71E8}"
EndProject
Project("{2150E333-8FDC-42A3-9474-1A3956D46DE8}") = "tests", "tests", "{B06AAAFF-4D0C-42E3-832F-D318CB50337E}"
EndProject
Project("{2150E333-8FDC-42A3-9474-1A3956D46DE8}") = "Solution Items", "Solution Items", "{8EC462FD-D22E-90A8-E5CE-7E832BA40C5D}"
	ProjectSection(SolutionItems) = preProject
		Readme.md = Readme.md
	EndProjectSection
EndProject
Project("{FAE04EC0-301F-11D3-BF4B-00C04F79EFBC}") = "SonarSweepTest", "SonarSweepTest\SonarSweepTest.csproj", "{D3BD1E9F-0FA5-4EB3-B065-3F730E6B41A9}"
EndProject
Global
	GlobalSection(SolutionConfigurationPlatforms) = preSolution
		Debug|Any CPU = Debug|Any CPU
		Release|Any CPU = Release|Any CPU
	EndGlobalSection
	GlobalSection(ProjectConfigurationPlatforms) = postSolution
		{9D189E3D-419C-4E00-80A6-3107A306DAF7}.Debug|Any CPU.ActiveCfg = Debug|Any CPU
		{9D189E3D-419C-4E00-80A6-3107A306DAF7}.Debug|Any CPU.Build.0 = Debug|Any CPU
		{9D189E3D-419C-4E00-80A6-3107A306DAF7}.Release|Any CPU.ActiveCfg = Release|Any CPU
		{9D189E3D-419C-4E00-80A6-3107A306DAF7}.Release|Any CPU.Build.0 = Release|Any CPU
		{8D5A35A1-BA50-4A76-9EFD-B1E158A1CE2A}.Debug|Any CPU.ActiveCfg = Debug|Any CPU
		{8D5A35A1-BA50-4A76-9EFD-B1E158A1CE2A}.Debug|Any CPU.Build.0 = Debug|Any CPU
		{8D5A35A1-BA50-4A76-9EFD-B1E158A1CE2A}.Release|Any CPU.ActiveCfg = Release|Any CPU
		{8D5A35A1-BA50-4A76-9EFD-B1E158A1CE2A}.Release|Any CPU.Build.0 = Release|Any CPU
		{D3BD1E9F-0FA5-4EB3-B065-3F730E6B41A9}.Debug|Any CPU.ActiveCfg = Debug|Any CPU
		{D3BD1E9F-0FA5-4EB3-B065-3F730E6B41A9}.Debug|Any CPU.Build.0 = Debug|Any CPU
		{D3BD1E9F-0FA5-4EB3-B065-3F730E6B41A9}.Release|Any CPU.ActiveCfg = Release|Any CPU
		{D3BD1E9F-0FA5-4EB3-B065-3F730E6B41A9}.Release|Any CPU.Build.0 = Release|Any CPU
	EndGlobalSection
	GlobalSection(SolutionProperties) = preSolution
		HideSolutionNode = FALSE
	EndGlobalSection
	GlobalSection(NestedProjects) = preSolution
		{9D189E3D-419C-4E00-80A6-3107A306DAF7} = {02EA681E-C7D8-13C7-8484-4AC65E1B71E8}
		{8D5A35A1-BA50-4A76-9EFD-B1E158A1CE2A} = {02EA681E-C7D8-13C7-8484-4AC65E1B71E8}
		{D3BD1E9F-0FA5-4EB3-B065-3F730E6B41A9} = {B06AAAFF-4D0C-42E3-832F-D318CB50337E}
	EndGlobalSection
	GlobalSection(ExtensibilityGlobals) = postSolution
		SolutionGuid = {858B44F5-5DAD-4590-957A-527CDA4CA843}
	EndGlobalSection
EndGlobal
